
Microsoft Visual Studio Solution File, Format Version 12.00
# Visual Studio Version 17
VisualStudioVersion = 17.7.34018.315
MinimumVisualStudioVersion = 10.0.40219.1
Project("{FAE04EC0-301F-11D3-BF4B-00C04F79EFBC}") = "WebadmiClient", "WebadmiClient\WebadmiClient.csproj", "{BE7D4337-EB6E-4F76-B3E4-816B572C8A72}"
EndProject
Global
	GlobalSection(SolutionConfigurationPlatforms) = preSolution
		Debug|Any CPU = Debug|Any CPU
		Release|Any CPU = Release|Any CPU
	EndGlobalSection
	GlobalSection(ProjectConfigurationPlatforms) = postSolution
		{BE7D4337-EB6E-4F76-B3E4-816B572C8A72}.Debug|Any CPU.ActiveCfg = Debug|Any CPU
		{BE7D4337-EB6E-4F76-B3E4-816B572C8A72}.Debug|Any CPU.Build.0 = Debug|Any CPU
		{BE7D4337-EB6E-4F76-B3E4-816B572C8A72}.Release|Any CPU.ActiveCfg = Release|Any CPU
		{BE7D4337-EB6E-4F76-B3E4-816B572C8A72}.Release|Any CPU.Build.0 = Release|Any CPU
	EndGlobalSection
	GlobalSection(SolutionProperties) = preSolution
		HideSolutionNode = FALSE
	EndGlobalSection
	GlobalSection(ExtensibilityGlobals) = postSolution
		SolutionGuid = {FC0AEEEE-F18E-4D02-8774-3C5E6FF19397}
	EndGlobalSection
EndGlobal
